
Microsoft Visual Studio Solution File, Format Version 12.00
# Visual Studio 15
VisualStudioVersion = 15.0.28307.329
MinimumVisualStudioVersion = 10.0.40219.1
Project("{9A19103F-16F7-4668-BE54-9A1E7A4F7556}") = "TestDocker", "TestDocker\TestDocker.csproj", "{9EA6AFBC-AF6B-42E4-A2D4-11B241CC4D80}"
EndProject
Project("{E53339B2-1760-4266-BCC7-CA923CBCF16C}") = "docker-compose", "docker-compose.dcproj", "{96E6DCF4-9AE8-4C20-9402-EDC3B6B62B84}"
EndProject
Global
	GlobalSection(SolutionConfigurationPlatforms) = preSolution
		Debug|Any CPU = Debug|Any CPU
		Release|Any CPU = Release|Any CPU
	EndGlobalSection
	GlobalSection(ProjectConfigurationPlatforms) = postSolution
		{9EA6AFBC-AF6B-42E4-A2D4-11B241CC4D80}.Debug|Any CPU.ActiveCfg = Debug|Any CPU
		{9EA6AFBC-AF6B-42E4-A2D4-11B241CC4D80}.Debug|Any CPU.Build.0 = Debug|Any CPU
		{9EA6AFBC-AF6B-42E4-A2D4-11B241CC4D80}.Release|Any CPU.ActiveCfg = Release|Any CPU
		{9EA6AFBC-AF6B-42E4-A2D4-11B241CC4D80}.Release|Any CPU.Build.0 = Release|Any CPU
		{96E6DCF4-9AE8-4C20-9402-EDC3B6B62B84}.Debug|Any CPU.ActiveCfg = Debug|Any CPU
		{96E6DCF4-9AE8-4C20-9402-EDC3B6B62B84}.Debug|Any CPU.Build.0 = Debug|Any CPU
		{96E6DCF4-9AE8-4C20-9402-EDC3B6B62B84}.Release|Any CPU.ActiveCfg = Release|Any CPU
		{96E6DCF4-9AE8-4C20-9402-EDC3B6B62B84}.Release|Any CPU.Build.0 = Release|Any CPU
	EndGlobalSection
	GlobalSection(SolutionProperties) = preSolution
		HideSolutionNode = FALSE
	EndGlobalSection
	GlobalSection(ExtensibilityGlobals) = postSolution
		SolutionGuid = {53C2D11B-95D4-41E8-891A-C2F5A3361456}
	EndGlobalSection
EndGlobal
